// !$*UTF8*$!
{
	archiveVersion = 1;
	classes = {
	};
	objectVersion = 50;
	objects = {

/* Begin PBXBuildFile section */
		DE5F6CAC24B36AEA00128546 /* start.txt in Resources */ = {isa = PBXBuildFile; fileRef = DE5F6CAB24B36AEA00128546 /* start.txt */; };
		DEA5433C24AF9A7F00402137 /* AppDelegate.swift in Sources */ = {isa = PBXBuildFile; fileRef = DEA5433B24AF9A7F00402137 /* AppDelegate.swift */; };
		DEA5433E24AF9A7F00402137 /* SceneDelegate.swift in Sources */ = {isa = PBXBuildFile; fileRef = DEA5433D24AF9A7F00402137 /* SceneDelegate.swift */; };
		DEA5434024AF9A7F00402137 /* ContentView.swift in Sources */ = {isa = PBXBuildFile; fileRef = DEA5433F24AF9A7F00402137 /* ContentView.swift */; };
		DEA5434224AF9A8100402137 /* Assets.xcassets in Resources */ = {isa = PBXBuildFile; fileRef = DEA5434124AF9A8100402137 /* Assets.xcassets */; };
		DEA5434524AF9A8100402137 /* Preview Assets.xcassets in Resources */ = {isa = PBXBuildFile; fileRef = DEA5434424AF9A8100402137 /* Preview Assets.xcassets */; };
		DEA5434824AF9A8100402137 /* LaunchScreen.storyboard in Resources */ = {isa = PBXBuildFile; fileRef = DEA5434624AF9A8100402137 /* LaunchScreen.storyboard */; };
/* End PBXBuildFile section */

/* Begin PBXFileReference section */
		DE5F6CAB24B36AEA00128546 /* start.txt */ = {isa = PBXFileReference; fileEncoding = 4; lastKnownFileType = text; path = start.txt; sourceTree = "<group>"; };
		DEA5433824AF9A7F00402137 /* WordScramble.app */ = {isa = PBXFileReference; explicitFileType = wrapper.application; includeInIndex = 0; path = WordScramble.app; sourceTree = BUILT_PRODUCTS_DIR; };
		DEA5433B24AF9A7F00402137 /* AppDelegate.swift */ = {isa = PBXFileReference; lastKnownFileType = sourcecode.swift; path = AppDelegate.swift; sourceTree = "<group>"; };
		DEA5433D24AF9A7F00402137 /* SceneDelegate.swift */ = {isa = PBXFileReference; lastKnownFileType = sourcecode.swift; path = SceneDelegate.swift; sourceTree = "<group>"; };
		DEA5433F24AF9A7F00402137 /* ContentView.swift */ = {isa = PBXFileReference; lastKnownFileType = sourcecode.swift; path = ContentView.swift; sourceTree = "<group>"; };
		DEA5434124AF9A8100402137 /* Assets.xcassets */ = {isa = PBXFileReference; lastKnownFileType = folder.assetcatalog; path = Assets.xcassets; sourceTree = "<group>"; };
		DEA5434424AF9A8100402137 /* Preview Assets.xcassets */ = {isa = PBXFileReference; lastKnownFileType = folder.assetcatalog; path = "Preview Assets.xcassets"; sourceTree = "<group>"; };
		DEA5434724AF9A8100402137 /* Base */ = {isa = PBXFileReference; lastKnownFileType = file.storyboard; name = Base; path = Base.lproj/LaunchScreen.storyboard; sourceTree = "<group>"; };
		DEA5434924AF9A8100402137 /* Info.plist */ = {isa = PBXFileReference; lastKnownFileType = text.plist.xml; path = Info.plist; sourceTree = "<group>"; };
/* End PBXFileReference section */

/* Begin PBXFrameworksBuildPhase section */
		DEA5433524AF9A7F00402137 /* Frameworks */ = {
			isa = PBXFrameworksBuildPhase;
			buildActionMask = 2147483647;
			files = (
			);
			runOnlyForDeploymentPostprocessing = 0;
		};
/* End PBXFrameworksBuildPhase section */

/* Begin PBXGroup section */
		DEA5432F24AF9A7F00402137 = {
			isa = PBXGroup;
			children = (
				DEA5433A24AF9A7F00402137 /* WordScramble */,
				DEA5433924AF9A7F00402137 /* Products */,
			);
			sourceTree = "<group>";
		};
		DEA5433924AF9A7F00402137 /* Products */ = {
			isa = PBXGroup;
			children = (
				DEA5433824AF9A7F00402137 /* WordScramble.app */,
			);
			name = Products;
			sourceTree = "<group>";
		};
		DEA5433A24AF9A7F00402137 /* WordScramble */ = {
			isa = PBXGroup;
			children = (
				DEA5433B24AF9A7F00402137 /* AppDelegate.swift */,
				DEA5433D24AF9A7F00402137 /* SceneDelegate.swift */,
				DEA5433F24AF9A7F00402137 /* ContentView.swift */,
				DEA5434124AF9A8100402137 /* Assets.xcassets */,
				DEA5434624AF9A8100402137 /* LaunchScreen.storyboard */,
				DEA5434924AF9A8100402137 /* Info.plist */,
				DE5F6CAB24B36AEA00128546 /* start.txt */,
				DEA5434324AF9A8100402137 /* Preview Content */,
			);
			path = WordScramble;
			sourceTree = "<group>";
		};
		DEA5434324AF9A8100402137 /* Preview Content */ = {
			isa = PBXGroup;
			children = (
				DEA5434424AF9A8100402137 /* Preview Assets.xcassets */,
			);
			path = "Preview Content";
			sourceTree = "<group>";
		};
/* End PBXGroup section */

/* Begin PBXNativeTarget section */
		DEA5433724AF9A7F00402137 /* WordScramble */ = {
			isa = PBXNativeTarget;
			buildConfigurationList = DEA5434C24AF9A8100402137 /* Build configuration list for PBXNativeTarget "WordScramble" */;
			buildPhases = (
				DEA5433424AF9A7F00402137 /* Sources */,
				DEA5433524AF9A7F00402137 /* Frameworks */,
				DEA5433624AF9A7F00402137 /* Resources */,
			);
			buildRules = (
			);
			dependencies = (
			);
			name = WordScramble;
			productName = WordScramble;
			productReference = DEA5433824AF9A7F00402137 /* WordScramble.app */;
			productType = "com.apple.product-type.application";
		};
/* End PBXNativeTarget section */

/* Begin PBXProject section */
		DEA5433024AF9A7F00402137 /* Project object */ = {
			isa = PBXProject;
			attributes = {
				LastSwiftUpdateCheck = 1150;
				LastUpgradeCheck = 1150;
				ORGANIZATIONNAME = Terry;
				TargetAttributes = {
					DEA5433724AF9A7F00402137 = {
						CreatedOnToolsVersion = 11.5;
					};
				};
			};
			buildConfigurationList = DEA5433324AF9A7F00402137 /* Build configuration list for PBXProject "WordScramble" */;
			compatibilityVersion = "Xcode 9.3";
			developmentRegion = en;
			hasScannedForEncodings = 0;
			knownRegions = (
				en,
				Base,
			);
			mainGroup = DEA5432F24AF9A7F00402137;
			productRefGroup = DEA5433924AF9A7F00402137 /* Products */;
			projectDirPath = "";
			projectRoot = "";
			targets = (
				DEA5433724AF9A7F00402137 /* WordScramble */,
			);
		};
/* End PBXProject section */

/* Begin PBXResourcesBuildPhase section */
		DEA5433624AF9A7F00402137 /* Resources */ = {
			isa = PBXResourcesBuildPhase;
			buildActionMask = 2147483647;
			files = (
				DEA5434824AF9A8100402137 /* LaunchScreen.storyboard in Resources */,
				DE5F6CAC24B36AEA00128546 /* start.txt in Resources */,
				DEA5434524AF9A8100402137 /* Preview Assets.xcassets in Resources */,
				DEA5434224AF9A8100402137 /* Assets.xcassets in Resources */,
			);
			runOnlyForDeploymentPostprocessing = 0;
		};
/* End PBXResourcesBuildPhase section */

/* Begin PBXSourcesBuildPhase section */
		DEA5433424AF9A7F00402137 /* Sources */ = {
			isa = PBXSourcesBuildPhase;
			buildActionMask = 2147483647;
			files = (
				DEA5433C24AF9A7F00402137 /* AppDelegate.swift in Sources */,
				DEA5433E24AF9A7F00402137 /* SceneDelegate.swift in Sources */,
				DEA5434024AF9A7F00402137 /* ContentView.swift in Sources */,
			);
			runOnlyForDeploymentPostprocessing = 0;
		};
/* End PBXSourcesBuildPhase section */

/* Begin PBXVariantGroup section */
		DEA5434624AF9A8100402137 /* LaunchScreen.storyboard */ = {
			isa = PBXVariantGroup;
			children = (
				DEA5434724AF9A8100402137 /* Base */,
			);
			name = LaunchScreen.storyboard;
			sourceTree = "<group>";
		};
/* End PBXVariantGroup section */

/* Begin XCBuildConfiguration section */
		DEA5434A24AF9A8100402137 /* Debug */ = {
			isa = XCBuildConfiguration;
			buildSettings = {
				ALWAYS_SEARCH_USER_PATHS = NO;
				CLANG_ANALYZER_NONNULL = YES;
				CLANG_ANALYZER_NUMBER_OBJECT_CONVERSION = YES_AGGRESSIVE;
				CLANG_CXX_LANGUAGE_STANDARD = "gnu++14";
				CLANG_CXX_LIBRARY = "libc++";
				CLANG_ENABLE_MODULES = YES;
				CLANG_ENABLE_OBJC_ARC = YES;
				CLANG_ENABLE_OBJC_WEAK = YES;
				CLANG_WARN_BLOCK_CAPTURE_AUTORELEASING = YES;
				CLANG_WARN_BOOL_CONVERSION = YES;
				CLANG_WARN_COMMA = YES;
				CLANG_WARN_CONSTANT_CONVERSION = YES;
				CLANG_WARN_DEPRECATED_OBJC_IMPLEMENTATIONS = YES;
				CLANG_WARN_DIRECT_OBJC_ISA_USAGE = YES_ERROR;
				CLANG_WARN_DOCUMENTATION_COMMENTS = YES;
				CLANG_WARN_EMPTY_BODY = YES;
				CLANG_WARN_ENUM_CONVERSION = YES;
				CLANG_WARN_INFINITE_RECURSION = YES;
				CLANG_WARN_INT_CONVERSION = YES;
				CLANG_WARN_NON_LITERAL_NULL_CONVERSION = YES;
				CLANG_WARN_OBJC_IMPLICIT_RETAIN_SELF = YES;
				CLANG_WARN_OBJC_LITERAL_CONVERSION = YES;
				CLANG_WARN_OBJC_ROOT_CLASS = YES_ERROR;
				CLANG_WARN_RANGE_LOOP_ANALYSIS = YES;
				CLANG_WARN_STRICT_PROTOTYPES = YES;
				CLANG_WARN_SUSPICIOUS_MOVE = YES;
				CLANG_WARN_UNGUARDED_AVAILABILITY = YES_AGGRESSIVE;
				CLANG_WARN_UNREACHABLE_CODE = YES;
				CLANG_WARN__DUPLICATE_METHOD_MATCH = YES;
				COPY_PHASE_STRIP = NO;
				DEBUG_INFORMATION_FORMAT = dwarf;
				ENABLE_STRICT_OBJC_MSGSEND = YES;
				ENABLE_TESTABILITY = YES;
				GCC_C_LANGUAGE_STANDARD = gnu11;
				GCC_DYNAMIC_NO_PIC = NO;
				GCC_NO_COMMON_BLOCKS = YES;
				GCC_OPTIMIZATION_LEVEL = 0;
				GCC_PREPROCESSOR_DEFINITIONS = (
					"DEBUG=1",
					"$(inherited)",
				);
				GCC_WARN_64_TO_32_BIT_CONVERSION = YES;
				GCC_WARN_ABOUT_RETURN_TYPE = YES_ERROR;
				GCC_WARN_UNDECLARED_SELECTOR = YES;
				GCC_WARN_UNINITIALIZED_AUTOS = YES_AGGRESSIVE;
				GCC_WARN_UNUSED_FUNCTION = YES;
				GCC_WARN_UNUSED_VARIABLE = YES;
				IPHONEOS_DEPLOYMENT_TARGET = 13.5;
				MTL_ENABLE_DEBUG_INFO = INCLUDE_SOURCE;
				MTL_FAST_MATH = YES;
				ONLY_ACTIVE_ARCH = YES;
				SDKROOT = iphoneos;
				SWIFT_ACTIVE_COMPILATION_CONDITIONS = DEBUG;
				SWIFT_OPTIMIZATION_LEVEL = "-Onone";
			};
			name = Debug;
		};
		DEA5434B24AF9A8100402137 /* Release */ = {
			isa = XCBuildConfiguration;
			buildSettings = {
				ALWAYS_SEARCH_USER_PATHS = NO;
				CLANG_ANALYZER_NONNULL = YES;
				CLANG_ANALYZER_NUMBER_OBJECT_CONVERSION = YES_AGGRESSIVE;
				CLANG_CXX_LANGUAGE_STANDARD = "gnu++14";
				CLANG_CXX_LIBRARY = "libc++";
				CLANG_ENABLE_MODULES = YES;
				CLANG_ENABLE_OBJC_ARC = YES;
				CLANG_ENABLE_OBJC_WEAK = YES;
				CLANG_WARN_BLOCK_CAPTURE_AUTORELEASING = YES;
				CLANG_WARN_BOOL_CONVERSION = YES;
				CLANG_WARN_COMMA = YES;
				CLANG_WARN_CONSTANT_CONVERSION = YES;
				CLANG_WARN_DEPRECATED_OBJC_IMPLEMENTATIONS = YES;
				CLANG_WARN_DIRECT_OBJC_ISA_USAGE = YES_ERROR;
				CLANG_WARN_DOCUMENTATION_COMMENTS = YES;
				CLANG_WARN_EMPTY_BODY = YES;
				CLANG_WARN_ENUM_CONVERSION = YES;
				CLANG_WARN_INFINITE_RECURSION = YES;
				CLANG_WARN_INT_CONVERSION = YES;
				CLANG_WARN_NON_LITERAL_NULL_CONVERSION = YES;
				CLANG_WARN_OBJC_IMPLICIT_RETAIN_SELF = YES;
				CLANG_WARN_OBJC_LITERAL_CONVERSION = YES;
				CLANG_WARN_OBJC_ROOT_CLASS = YES_ERROR;
				CLANG_WARN_RANGE_LOOP_ANALYSIS = YES;
				CLANG_WARN_STRICT_PROTOTYPES = YES;
				CLANG_WARN_SUSPICIOUS_MOVE = YES;
				CLANG_WARN_UNGUARDED_AVAILABILITY = YES_AGGRESSIVE;
				CLANG_WARN_UNREACHABLE_CODE = YES;
				CLANG_WARN__DUPLICATE_METHOD_MATCH = YES;
				COPY_PHASE_STRIP = NO;
				DEBUG_INFORMATION_FORMAT = "dwarf-with-dsym";
				ENABLE_NS_ASSERTIONS = NO;
				ENABLE_STRICT_OBJC_MSGSEND = YES;
				GCC_C_LANGUAGE_STANDARD = gnu11;
				GCC_NO_COMMON_BLOCKS = YES;
				GCC_WARN_64_TO_32_BIT_CONVERSION = YES;
				GCC_WARN_ABOUT_RETURN_TYPE = YES_ERROR;
				GCC_WARN_UNDECLARED_SELECTOR = YES;
				GCC_WARN_UNINITIALIZED_AUTOS = YES_AGGRESSIVE;
				GCC_WARN_UNUSED_FUNCTION = YES;
				GCC_WARN_UNUSED_VARIABLE = YES;
				IPHONEOS_DEPLOYMENT_TARGET = 13.5;
				MTL_ENABLE_DEBUG_INFO = NO;
				MTL_FAST_MATH = YES;
				SDKROOT = iphoneos;
				SWIFT_COMPILATION_MODE = wholemodule;
				SWIFT_OPTIMIZATION_LEVEL = "-O";
				VALIDATE_PRODUCT = YES;
			};
			name = Release;
		};
		DEA5434D24AF9A8100402137 /* Debug */ = {
			isa = XCBuildConfiguration;
			buildSettings = {
				ASSETCATALOG_COMPILER_APPICON_NAME = AppIcon;
				CODE_SIGN_STYLE = Automatic;
				DEVELOPMENT_ASSET_PATHS = "\"WordScramble/Preview Content\"";
				ENABLE_PREVIEWS = YES;
				INFOPLIST_FILE = WordScramble/Info.plist;
				LD_RUNPATH_SEARCH_PATHS = (
					"$(inherited)",
					"@executable_path/Frameworks",
				);
				PRODUCT_BUNDLE_IDENTIFIER = XiaohuanPei.WordScramble;
				PRODUCT_NAME = "$(TARGET_NAME)";
				SWIFT_VERSION = 5.0;
				TARGETED_DEVICE_FAMILY = "1,2";
			};
			name = Debug;
		};
		DEA5434E24AF9A8100402137 /* Release */ = {
			isa = XCBuildConfiguration;
			buildSettings = {
				ASSETCATALOG_COMPILER_APPICON_NAME = AppIcon;
				CODE_SIGN_STYLE = Automatic;
				DEVELOPMENT_ASSET_PATHS = "\"WordScramble/Preview Content\"";
				ENABLE_PREVIEWS = YES;
				INFOPLIST_FILE = WordScramble/Info.plist;
				LD_RUNPATH_SEARCH_PATHS = (
					"$(inherited)",
					"@executable_path/Frameworks",
				);
				PRODUCT_BUNDLE_IDENTIFIER = XiaohuanPei.WordScramble;
				PRODUCT_NAME = "$(TARGET_NAME)";
				SWIFT_VERSION = 5.0;
				TARGETED_DEVICE_FAMILY = "1,2";
			};
			name = Release;
		};
/* End XCBuildConfiguration section */

/* Begin XCConfigurationList section */
		DEA5433324AF9A7F00402137 /* Build configuration list for PBXProject "WordScramble" */ = {
			isa = XCConfigurationList;
			buildConfigurations = (
				DEA5434A24AF9A8100402137 /* Debug */,
				DEA5434B24AF9A8100402137 /* Release */,
			);
			defaultConfigurationIsVisible = 0;
			defaultConfigurationName = Release;
		};
		DEA5434C24AF9A8100402137 /* Build configuration list for PBXNativeTarget "WordScramble" */ = {
			isa = XCConfigurationList;
			buildConfigurations = (
				DEA5434D24AF9A8100402137 /* Debug */,
				DEA5434E24AF9A8100402137 /* Release */,
			);
			defaultConfigurationIsVisible = 0;
			defaultConfigurationName = Release;
		};
/* End XCConfigurationList section */
	};
	rootObject = DEA5433024AF9A7F00402137 /* Project object */;
}
